dependencies:
- name: prometheus
  repository: https://prometheus-community.github.io/helm-charts
  version: 29.33.1
- name: prometheus-blackbox-exporter
  repository: https://prometheus-community.github.io/helm-charts
  version: 11.19.1
- name: grafana
  repository: https://grafana.github.io/helm-charts
  version: 10.5.15
digest: sha256:4f8b8ebb0ba837341d79d56684e99dd03025208643a8b3650d9b88fd3efae04b
generated: "2026-09-25T13:47:42.354760098+03:00"
